// !$*UTF8*$!
{
	archiveVersion = 1;
	classes = {
	};
	objectVersion = 50;
	objects = {

/* Begin PBXBuildFile section */
		065D794A26E3A4B30066F8D4 /* AppDelegate.swift in Sources */ = {isa = PBXBuildFile; fileRef = 065D794926E3A4B30066F8D4 /* AppDelegate.swift */; };
		065D794C26E3A4B30066F8D4 /* SceneDelegate.swift in Sources */ = {isa = PBXBuildFile; fileRef = 065D794B26E3A4B30066F8D4 /* SceneDelegate.swift */; };
		065D794E26E3A4B30066F8D4 /* ViewController.swift in Sources */ = {isa = PBXBuildFile; fileRef = 065D794D26E3A4B30066F8D4 /* ViewController.swift */; };
		065D795126E3A4B30066F8D4 /* Main.storyboard in Resources */ = {isa = PBXBuildFile; fileRef = 065D794F26E3A4B30066F8D4 /* Main.storyboard */; };
		065D795326E3A4B50066F8D4 /* Assets.xcassets in Resources */ = {isa = PBXBuildFile; fileRef = 065D795226E3A4B50066F8D4 /* Assets.xcassets */; };
		065D795626E3A4B50066F8D4 /* LaunchScreen.storyboard in Resources */ = {isa = PBXBuildFile; fileRef = 065D795426E3A4B50066F8D4 /* LaunchScreen.storyboard */; };
		065D796126E3A4B50066F8D4 /* everytimeTests.swift in Sources */ = {isa = PBXBuildFile; fileRef = 065D796026E3A4B50066F8D4 /* everytimeTests.swift */; };
		065D796C26E3A4B60066F8D4 /* everytimeUITests.swift in Sources */ = {isa = PBXBuildFile; fileRef = 065D796B26E3A4B60066F8D4 /* everytimeUITests.swift */; };
		5A474CE52883EAF2007A28A2 /* UIColor+Extension.swift in Sources */ = {isa = PBXBuildFile; fileRef = 5A474CE42883EAF2007A28A2 /* UIColor+Extension.swift */; };
		5A474CE72883ED3E007A28A2 /* LoginViewController.swift in Sources */ = {isa = PBXBuildFile; fileRef = 5A474CE62883ED3E007A28A2 /* LoginViewController.swift */; };
		5A474CE928856079007A28A2 /* InsertTextField.swift in Sources */ = {isa = PBXBuildFile; fileRef = 5A474CE828856079007A28A2 /* InsertTextField.swift */; };
		5A474CED288699CD007A28A2 /* MainViewController.swift in Sources */ = {isa = PBXBuildFile; fileRef = 5A474CEC288699CD007A28A2 /* MainViewController.swift */; };
		5A474CEF2886A407007A28A2 /* MainCell.swift in Sources */ = {isa = PBXBuildFile; fileRef = 5A474CEE2886A407007A28A2 /* MainCell.swift */; };
		5AF98F1728895B1F0022975A /* ReactionView.swift in Sources */ = {isa = PBXBuildFile; fileRef = 5AF98F1628895B1F0022975A /* ReactionView.swift */; };
		5AF98F19288A4CD80022975A /* NavigationTitleView.swift in Sources */ = {isa = PBXBuildFile; fileRef = 5AF98F18288A4CD70022975A /* NavigationTitleView.swift */; };
/* End PBXBuildFile section */

/* Begin PBXContainerItemProxy section */
		065D795D26E3A4B50066F8D4 /* PBXContainerItemProxy */ = {
			isa = PBXContainerItemProxy;
			containerPortal = 065D793E26E3A4B20066F8D4 /* Project object */;
			proxyType = 1;
			remoteGlobalIDString = 065D794526E3A4B30066F8D4;
			remoteInfo = enurytime;
		};
		065D796826E3A4B60066F8D4 /* PBXContainerItemProxy */ = {
			isa = PBXContainerItemProxy;
			containerPortal = 065D793E26E3A4B20066F8D4 /* Project object */;
			proxyType = 1;
			remoteGlobalIDString = 065D794526E3A4B30066F8D4;
			remoteInfo = enurytime;
		};
/* End PBXContainerItemProxy section */

/* Begin PBXFileReference section */
		065D794626E3A4B30066F8D4 /* everytime.app */ = {isa = PBXFileReference; explicitFileType = wrapper.application; includeInIndex = 0; path = everytime.app; sourceTree = BUILT_PRODUCTS_DIR; };
		065D794926E3A4B30066F8D4 /* AppDelegate.swift */ = {isa = PBXFileReference; lastKnownFileType = sourcecode.swift; path = AppDelegate.swift; sourceTree = "<group>"; };
		065D794B26E3A4B30066F8D4 /* SceneDelegate.swift */ = {isa = PBXFileReference; lastKnownFileType = sourcecode.swift; path = SceneDelegate.swift; sourceTree = "<group>"; };
		065D794D26E3A4B30066F8D4 /* ViewController.swift */ = {isa = PBXFileReference; lastKnownFileType = sourcecode.swift; path = ViewController.swift; sourceTree = "<group>"; };
		065D795026E3A4B30066F8D4 /* Base */ = {isa = PBXFileReference; lastKnownFileType = file.storyboard; name = Base; path = Base.lproj/Main.storyboard; sourceTree = "<group>"; };
		065D795226E3A4B50066F8D4 /* Assets.xcassets */ = {isa = PBXFileReference; lastKnownFileType = folder.assetcatalog; path = Assets.xcassets; sourceTree = "<group>"; };
		065D795526E3A4B50066F8D4 /* Base */ = {isa = PBXFileReference; lastKnownFileType = file.storyboard; name = Base; path = Base.lproj/LaunchScreen.storyboard; sourceTree = "<group>"; };
		065D795726E3A4B50066F8D4 /* Info.plist */ = {isa = PBXFileReference; lastKnownFileType = text.plist.xml; path = Info.plist; sourceTree = "<group>"; };
		065D795C26E3A4B50066F8D4 /* everytimeTests.xctest */ = {isa = PBXFileReference; explicitFileType = wrapper.cfbundle; includeInIndex = 0; path = everytimeTests.xctest; sourceTree = BUILT_PRODUCTS_DIR; };
		065D796026E3A4B50066F8D4 /* everytimeTests.swift */ = {isa = PBXFileReference; lastKnownFileType = sourcecode.swift; path = everytimeTests.swift; sourceTree = "<group>"; };
		065D796226E3A4B50066F8D4 /* Info.plist */ = {isa = PBXFileReference; lastKnownFileType = text.plist.xml; path = Info.plist; sourceTree = "<group>"; };
		065D796726E3A4B60066F8D4 /* everytimeUITests.xctest */ = {isa = PBXFileReference; explicitFileType = wrapper.cfbundle; includeInIndex = 0; path = everytimeUITests.xctest; sourceTree = BUILT_PRODUCTS_DIR; };
		065D796B26E3A4B60066F8D4 /* everytimeUITests.swift */ = {isa = PBXFileReference; lastKnownFileType = sourcecode.swift; path = everytimeUITests.swift; sourceTree = "<group>"; };
		065D796D26E3A4B60066F8D4 /* Info.plist */ = {isa = PBXFileReference; lastKnownFileType = text.plist.xml; path = Info.plist; sourceTree = "<group>"; };
		5A474CE42883EAF2007A28A2 /* UIColor+Extension.swift */ = {isa = PBXFileReference; lastKnownFileType = sourcecode.swift; path = "UIColor+Extension.swift"; sourceTree = "<group>"; };
		5A474CE62883ED3E007A28A2 /* LoginViewController.swift */ = {isa = PBXFileReference; lastKnownFileType = sourcecode.swift; path = LoginViewController.swift; sourceTree = "<group>"; };
		5A474CE828856079007A28A2 /* InsertTextField.swift */ = {isa = PBXFileReference; lastKnownFileType = sourcecode.swift; path = InsertTextField.swift; sourceTree = "<group>"; };
		5A474CEC288699CD007A28A2 /* MainViewController.swift */ = {isa = PBXFileReference; lastKnownFileType = sourcecode.swift; path = MainViewController.swift; sourceTree = "<group>"; };
		5A474CEE2886A407007A28A2 /* MainCell.swift */ = {isa = PBXFileReference; lastKnownFileType = sourcecode.swift; path = MainCell.swift; sourceTree = "<group>"; };
		5AF98F1628895B1F0022975A /* ReactionView.swift */ = {isa = PBXFileReference; lastKnownFileType = sourcecode.swift; path = ReactionView.swift; sourceTree = "<group>"; };
		5AF98F18288A4CD70022975A /* NavigationTitleView.swift */ = {isa = PBXFileReference; lastKnownFileType = sourcecode.swift; path = NavigationTitleView.swift; sourceTree = "<group>"; };
/* End PBXFileReference section */

/* Begin PBXFrameworksBuildPhase section */
		065D794326E3A4B30066F8D4 /* Frameworks */ = {
			isa = PBXFrameworksBuildPhase;
			buildActionMask = 2147483647;
			files = (
			);
			runOnlyForDeploymentPostprocessing = 0;
		};
		065D795926E3A4B50066F8D4 /* Frameworks */ = {
			isa = PBXFrameworksBuildPhase;
			buildActionMask = 2147483647;
			files = (
			);
			runOnlyForDeploymentPostprocessing = 0;
		};
		065D796426E3A4B60066F8D4 /* Frameworks */ = {
			isa = PBXFrameworksBuildPhase;
			buildActionMask = 2147483647;
			files = (
			);
			runOnlyForDeploymentPostprocessing = 0;
		};
/* End PBXFrameworksBuildPhase section */

/* Begin PBXGroup section */
		065D793D26E3A4B20066F8D4 = {
			isa = PBXGroup;
			children = (
				065D794826E3A4B30066F8D4 /* everytime */,
				065D795F26E3A4B50066F8D4 /* everytimeTests */,
				065D796A26E3A4B60066F8D4 /* everytimeUITests */,
				065D794726E3A4B30066F8D4 /* Products */,
			);
			sourceTree = "<group>";
		};
		065D794726E3A4B30066F8D4 /* Products */ = {
			isa = PBXGroup;
			children = (
				065D794626E3A4B30066F8D4 /* everytime.app */,
				065D795C26E3A4B50066F8D4 /* everytimeTests.xctest */,
				065D796726E3A4B60066F8D4 /* everytimeUITests.xctest */,
			);
			name = Products;
			sourceTree = "<group>";
		};
		065D794826E3A4B30066F8D4 /* everytime */ = {
			isa = PBXGroup;
			children = (
				065D794926E3A4B30066F8D4 /* AppDelegate.swift */,
				065D794B26E3A4B30066F8D4 /* SceneDelegate.swift */,
				065D794D26E3A4B30066F8D4 /* ViewController.swift */,
				065D794F26E3A4B30066F8D4 /* Main.storyboard */,
				065D795226E3A4B50066F8D4 /* Assets.xcassets */,
				065D795426E3A4B50066F8D4 /* LaunchScreen.storyboard */,
				065D795726E3A4B50066F8D4 /* Info.plist */,
				5A474CE42883EAF2007A28A2 /* UIColor+Extension.swift */,
				5A474CE62883ED3E007A28A2 /* LoginViewController.swift */,
				5A474CE828856079007A28A2 /* InsertTextField.swift */,
				5A474CEC288699CD007A28A2 /* MainViewController.swift */,
				5A474CEE2886A407007A28A2 /* MainCell.swift */,
				5AF98F1628895B1F0022975A /* ReactionView.swift */,
				5AF98F18288A4CD70022975A /* NavigationTitleView.swift */,
			);
			path = everytime;
			sourceTree = "<group>";
		};
		065D795F26E3A4B50066F8D4 /* everytimeTests */ = {
			isa = PBXGroup;
			children = (
				065D796026E3A4B50066F8D4 /* everytimeTests.swift */,
				065D796226E3A4B50066F8D4 /* Info.plist */,
			);
			path = everytimeTests;
			sourceTree = "<group>";
		};
		065D796A26E3A4B60066F8D4 /* everytimeUITests */ = {
			isa = PBXGroup;
			children = (
				065D796B26E3A4B60066F8D4 /* everytimeUITests.swift */,
				065D796D26E3A4B60066F8D4 /* Info.plist */,
			);
			path = everytimeUITests;
			sourceTree = "<group>";
		};
/* End PBXGroup section */

/* Begin PBXNativeTarget section */
		065D794526E3A4B30066F8D4 /* everytime */ = {
			isa = PBXNativeTarget;
			buildConfigurationList = 065D797026E3A4B60066F8D4 /* Build configuration list for PBXNativeTarget "everytime" */;
			buildPhases = (
				065D794226E3A4B30066F8D4 /* Sources */,
				065D794326E3A4B30066F8D4 /* Frameworks */,
				065D794426E3A4B30066F8D4 /* Resources */,
			);
			buildRules = (
			);
			dependencies = (
			);
			name = everytime;
			productName = enurytime;
			productReference = 065D794626E3A4B30066F8D4 /* everytime.app */;
			productType = "com.apple.product-type.application";
		};
		065D795B26E3A4B50066F8D4 /* everytimeTests */ = {
			isa = PBXNativeTarget;
			buildConfigurationList = 065D797326E3A4B60066F8D4 /* Build configuration list for PBXNativeTarget "everytimeTests" */;
			buildPhases = (
				065D795826E3A4B50066F8D4 /* Sources */,
				065D795926E3A4B50066F8D4 /* Frameworks */,
				065D795A26E3A4B50066F8D4 /* Resources */,
			);
			buildRules = (
			);
			dependencies = (
				065D795E26E3A4B50066F8D4 /* PBXTargetDependency */,
			);
			name = everytimeTests;
			productName = enurytimeTests;
			productReference = 065D795C26E3A4B50066F8D4 /* everytimeTests.xctest */;
			productType = "com.apple.product-type.bundle.unit-test";
		};
		065D796626E3A4B60066F8D4 /* everytimeUITests */ = {
			isa = PBXNativeTarget;
			buildConfigurationList = 065D797626E3A4B60066F8D4 /* Build configuration list for PBXNativeTarget "everytimeUITests" */;
			buildPhases = (
				065D796326E3A4B60066F8D4 /* Sources */,
				065D796426E3A4B60066F8D4 /* Frameworks */,
				065D796526E3A4B60066F8D4 /* Resources */,
			);
			buildRules = (
			);
			dependencies = (
				065D796926E3A4B60066F8D4 /* PBXTargetDependency */,
			);
			name = everytimeUITests;
			productName = enurytimeUITests;
			productReference = 065D796726E3A4B60066F8D4 /* everytimeUITests.xctest */;
			productType = "com.apple.product-type.bundle.ui-testing";
		};
/* End PBXNativeTarget section */

/* Begin PBXProject section */
		065D793E26E3A4B20066F8D4 /* Project object */ = {
			isa = PBXProject;
			attributes = {
				LastSwiftUpdateCheck = 1250;
				LastUpgradeCheck = 1250;
				TargetAttributes = {
					065D794526E3A4B30066F8D4 = {
						CreatedOnToolsVersion = 12.5.1;
					};
					065D795B26E3A4B50066F8D4 = {
						CreatedOnToolsVersion = 12.5.1;
						TestTargetID = 065D794526E3A4B30066F8D4;
					};
					065D796626E3A4B60066F8D4 = {
						CreatedOnToolsVersion = 12.5.1;
						TestTargetID = 065D794526E3A4B30066F8D4;
					};
				};
			};
			buildConfigurationList = 065D794126E3A4B20066F8D4 /* Build configuration list for PBXProject "everytime" */;
			compatibilityVersion = "Xcode 9.3";
			developmentRegion = en;
			hasScannedForEncodings = 0;
			knownRegions = (
				en,
				Base,
			);
			mainGroup = 065D793D26E3A4B20066F8D4;
			productRefGroup = 065D794726E3A4B30066F8D4 /* Products */;
			projectDirPath = "";
			projectRoot = "";
			targets = (
				065D794526E3A4B30066F8D4 /* everytime */,
				065D795B26E3A4B50066F8D4 /* everytimeTests */,
				065D796626E3A4B60066F8D4 /* everytimeUITests */,
			);
		};
/* End PBXProject section */

/* Begin PBXResourcesBuildPhase section */
		065D794426E3A4B30066F8D4 /* Resources */ = {
			isa = PBXResourcesBuildPhase;
			buildActionMask = 2147483647;
			files = (
				065D795626E3A4B50066F8D4 /* LaunchScreen.storyboard in Resources */,
				065D795326E3A4B50066F8D4 /* Assets.xcassets in Resources */,
				065D795126E3A4B30066F8D4 /* Main.storyboard in Resources */,
			);
			runOnlyForDeploymentPostprocessing = 0;
		};
		065D795A26E3A4B50066F8D4 /* Resources */ = {
			isa = PBXResourcesBuildPhase;
			buildActionMask = 2147483647;
			files = (
			);
			runOnlyForDeploymentPostprocessing = 0;
		};
		065D796526E3A4B60066F8D4 /* Resources */ = {
			isa = PBXResourcesBuildPhase;
			buildActionMask = 2147483647;
			files = (
			);
			runOnlyForDeploymentPostprocessing = 0;
		};
/* End PBXResourcesBuildPhase section */

/* Begin PBXSourcesBuildPhase section */
		065D794226E3A4B30066F8D4 /* Sources */ = {
			isa = PBXSourcesBuildPhase;
			buildActionMask = 2147483647;
			files = (
				065D794E26E3A4B30066F8D4 /* ViewController.swift in Sources */,
				5AF98F1728895B1F0022975A /* ReactionView.swift in Sources */,
				065D794A26E3A4B30066F8D4 /* AppDelegate.swift in Sources */,
				065D794C26E3A4B30066F8D4 /* SceneDelegate.swift in Sources */,
				5A474CE72883ED3E007A28A2 /* LoginViewController.swift in Sources */,
				5A474CE928856079007A28A2 /* InsertTextField.swift in Sources */,
				5A474CE52883EAF2007A28A2 /* UIColor+Extension.swift in Sources */,
				5AF98F19288A4CD80022975A /* NavigationTitleView.swift in Sources */,
				5A474CEF2886A407007A28A2 /* MainCell.swift in Sources */,
				5A474CED288699CD007A28A2 /* MainViewController.swift in Sources */,
			);
			runOnlyForDeploymentPostprocessing = 0;
		};
		065D795826E3A4B50066F8D4 /* Sources */ = {
			isa = PBXSourcesBuildPhase;
			buildActionMask = 2147483647;
			files = (
				065D796126E3A4B50066F8D4 /* everytimeTests.swift in Sources */,
			);
			runOnlyForDeploymentPostprocessing = 0;
		};
		065D796326E3A4B60066F8D4 /* Sources */ = {
			isa = PBXSourcesBuildPhase;
			buildActionMask = 2147483647;
			files = (
				065D796C26E3A4B60066F8D4 /* everytimeUITests.swift in Sources */,
			);
			runOnlyForDeploymentPostprocessing = 0;
		};
/* End PBXSourcesBuildPhase section */

/* Begin PBXTargetDependency section */
		065D795E26E3A4B50066F8D4 /* PBXTargetDependency */ = {
			isa = PBXTargetDependency;
			target = 065D794526E3A4B30066F8D4 /* everytime */;
			targetProxy = 065D795D26E3A4B50066F8D4 /* PBXContainerItemProxy */;
		};
		065D796926E3A4B60066F8D4 /* PBXTargetDependency */ = {
			isa = PBXTargetDependency;
			target = 065D794526E3A4B30066F8D4 /* everytime */;
			targetProxy = 065D796826E3A4B60066F8D4 /* PBXContainerItemProxy */;
		};
/* End PBXTargetDependency section */

/* Begin PBXVariantGroup section */
		065D794F26E3A4B30066F8D4 /* Main.storyboard */ = {
			isa = PBXVariantGroup;
			children = (
				065D795026E3A4B30066F8D4 /* Base */,
			);
			name = Main.storyboard;
			sourceTree = "<group>";
		};
		065D795426E3A4B50066F8D4 /* LaunchScreen.storyboard */ = {
			isa = PBXVariantGroup;
			children = (
				065D795526E3A4B50066F8D4 /* Base */,
			);
			name = LaunchScreen.storyboard;
			sourceTree = "<group>";
		};
/* End PBXVariantGroup section */

/* Begin XCBuildConfiguration section */
		065D796E26E3A4B60066F8D4 /* Debug */ = {
			isa = XCBuildConfiguration;
			buildSettings = {
				ALWAYS_SEARCH_USER_PATHS = NO;
				CLANG_ANALYZER_NONNULL = YES;
				CLANG_ANALYZER_NUMBER_OBJECT_CONVERSION = YES_AGGRESSIVE;
				CLANG_CXX_LANGUAGE_STANDARD = "gnu++14";
				CLANG_CXX_LIBRARY = "libc++";
				CLANG_ENABLE_MODULES = YES;
				CLANG_ENABLE_OBJC_ARC = YES;
				CLANG_ENABLE_OBJC_WEAK = YES;
				CLANG_WARN_BLOCK_CAPTURE_AUTORELEASING = YES;
				CLANG_WARN_BOOL_CONVERSION = YES;
				CLANG_WARN_COMMA = YES;
				CLANG_WARN_CONSTANT_CONVERSION = YES;
				CLANG_WARN_DEPRECATED_OBJC_IMPLEMENTATIONS = YES;
				CLANG_WARN_DIRECT_OBJC_ISA_USAGE = YES_ERROR;
				CLANG_WARN_DOCUMENTATION_COMMENTS = YES;
				CLANG_WARN_EMPTY_BODY = YES;
				CLANG_WARN_ENUM_CONVERSION = YES;
				CLANG_WARN_INFINITE_RECURSION = YES;
				CLANG_WARN_INT_CONVERSION = YES;
				CLANG_WARN_NON_LITERAL_NULL_CONVERSION = YES;
				CLANG_WARN_OBJC_IMPLICIT_RETAIN_SELF = YES;
				CLANG_WARN_OBJC_LITERAL_CONVERSION = YES;
				CLANG_WARN_OBJC_ROOT_CLASS = YES_ERROR;
				CLANG_WARN_QUOTED_INCLUDE_IN_FRAMEWORK_HEADER = YES;
				CLANG_WARN_RANGE_LOOP_ANALYSIS = YES;
				CLANG_WARN_STRICT_PROTOTYPES = YES;
				CLANG_WARN_SUSPICIOUS_MOVE = YES;
				CLANG_WARN_UNGUARDED_AVAILABILITY = YES_AGGRESSIVE;
				CLANG_WARN_UNREACHABLE_CODE = YES;
				CLANG_WARN__DUPLICATE_METHOD_MATCH = YES;
				COPY_PHASE_STRIP = NO;
				DEBUG_INFORMATION_FORMAT = dwarf;
				ENABLE_STRICT_OBJC_MSGSEND = YES;
				ENABLE_TESTABILITY = YES;
				GCC_C_LANGUAGE_STANDARD = gnu11;
				GCC_DYNAMIC_NO_PIC = NO;
				GCC_NO_COMMON_BLOCKS = YES;
				GCC_OPTIMIZATION_LEVEL = 0;
				GCC_PREPROCESSOR_DEFINITIONS = (
					"DEBUG=1",
					"$(inherited)",
				);
				GCC_WARN_64_TO_32_BIT_CONVERSION = YES;
				GCC_WARN_ABOUT_RETURN_TYPE = YES_ERROR;
				GCC_WARN_UNDECLARED_SELECTOR = YES;
				GCC_WARN_UNINITIALIZED_AUTOS = YES_AGGRESSIVE;
				GCC_WARN_UNUSED_FUNCTION = YES;
				GCC_WARN_UNUSED_VARIABLE = YES;
				IPHONEOS_DEPLOYMENT_TARGET = 14.5;
				MTL_ENABLE_DEBUG_INFO = INCLUDE_SOURCE;
				MTL_FAST_MATH = YES;
				ONLY_ACTIVE_ARCH = YES;
				SDKROOT = iphoneos;
				SWIFT_ACTIVE_COMPILATION_CONDITIONS = DEBUG;
				SWIFT_OPTIMIZATION_LEVEL = "-Onone";
			};
			name = Debug;
		};
		065D796F26E3A4B60066F8D4 /* Release */ = {
			isa = XCBuildConfiguration;
			buildSettings = {
				ALWAYS_SEARCH_USER_PATHS = NO;
				CLANG_ANALYZER_NONNULL = YES;
				CLANG_ANALYZER_NUMBER_OBJECT_CONVERSION = YES_AGGRESSIVE;
				CLANG_CXX_LANGUAGE_STANDARD = "gnu++14";
				CLANG_CXX_LIBRARY = "libc++";
				CLANG_ENABLE_MODULES = YES;
				CLANG_ENABLE_OBJC_ARC = YES;
				CLANG_ENABLE_OBJC_WEAK = YES;
				CLANG_WARN_BLOCK_CAPTURE_AUTORELEASING = YES;
				CLANG_WARN_BOOL_CONVERSION = YES;
				CLANG_WARN_COMMA = YES;
				CLANG_WARN_CONSTANT_CONVERSION = YES;
				CLANG_WARN_DEPRECATED_OBJC_IMPLEMENTATIONS = YES;
				CLANG_WARN_DIRECT_OBJC_ISA_USAGE = YES_ERROR;
				CLANG_WARN_DOCUMENTATION_COMMENTS = YES;
				CLANG_WARN_EMPTY_BODY = YES;
				CLANG_WARN_ENUM_CONVERSION = YES;
				CLANG_WARN_INFINITE_RECURSION = YES;
				CLANG_WARN_INT_CONVERSION = YES;
				CLANG_WARN_NON_LITERAL_NULL_CONVERSION = YES;
				CLANG_WARN_OBJC_IMPLICIT_RETAIN_SELF = YES;
				CLANG_WARN_OBJC_LITERAL_CONVERSION = YES;
				CLANG_WARN_OBJC_ROOT_CLASS = YES_ERROR;
				CLANG_WARN_QUOTED_INCLUDE_IN_FRAMEWORK_HEADER = YES;
				CLANG_WARN_RANGE_LOOP_ANALYSIS = YES;
				CLANG_WARN_STRICT_PROTOTYPES = YES;
				CLANG_WARN_SUSPICIOUS_MOVE = YES;
				CLANG_WARN_UNGUARDED_AVAILABILITY = YES_AGGRESSIVE;
				CLANG_WARN_UNREACHABLE_CODE = YES;
				CLANG_WARN__DUPLICATE_METHOD_MATCH = YES;
				COPY_PHASE_STRIP = NO;
				DEBUG_INFORMATION_FORMAT = "dwarf-with-dsym";
				ENABLE_NS_ASSERTIONS = NO;
				ENABLE_STRICT_OBJC_MSGSEND = YES;
				GCC_C_LANGUAGE_STANDARD = gnu11;
				GCC_NO_COMMON_BLOCKS = YES;
				GCC_WARN_64_TO_32_BIT_CONVERSION = YES;
				GCC_WARN_ABOUT_RETURN_TYPE = YES_ERROR;
				GCC_WARN_UNDECLARED_SELECTOR = YES;
				GCC_WARN_UNINITIALIZED_AUTOS = YES_AGGRESSIVE;
				GCC_WARN_UNUSED_FUNCTION = YES;
				GCC_WARN_UNUSED_VARIABLE = YES;
				IPHONEOS_DEPLOYMENT_TARGET = 14.5;
				MTL_ENABLE_DEBUG_INFO = NO;
				MTL_FAST_MATH = YES;
				SDKROOT = iphoneos;
				SWIFT_COMPILATION_MODE = wholemodule;
				SWIFT_OPTIMIZATION_LEVEL = "-O";
				VALIDATE_PRODUCT = YES;
			};
			name = Release;
		};
		065D797126E3A4B60066F8D4 /* Debug */ = {
			isa = XCBuildConfiguration;
			buildSettings = {
				ASSETCATALOG_COMPILER_APPICON_NAME = AppIcon;
				ASSETCATALOG_COMPILER_GLOBAL_ACCENT_COLOR_NAME = AccentColor;
				CODE_SIGN_STYLE = Automatic;
				DEVELOPMENT_TEAM = BPB224HL3X;
				INFOPLIST_FILE = everytime/Info.plist;
				LD_RUNPATH_SEARCH_PATHS = (
					"$(inherited)",
					"@executable_path/Frameworks",
				);
				PRODUCT_BUNDLE_IDENTIFIER = kr.ybcha.everytime;
				PRODUCT_NAME = "$(TARGET_NAME)";
				SWIFT_VERSION = 5.0;
				TARGETED_DEVICE_FAMILY = "1,2";
			};
			name = Debug;
		};
		065D797226E3A4B60066F8D4 /* Release */ = {
			isa = XCBuildConfiguration;
			buildSettings = {
				ASSETCATALOG_COMPILER_APPICON_NAME = AppIcon;
				ASSETCATALOG_COMPILER_GLOBAL_ACCENT_COLOR_NAME = AccentColor;
				CODE_SIGN_STYLE = Automatic;
				DEVELOPMENT_TEAM = BPB224HL3X;
				INFOPLIST_FILE = everytime/Info.plist;
				LD_RUNPATH_SEARCH_PATHS = (
					"$(inherited)",
					"@executable_path/Frameworks",
				);
				PRODUCT_BUNDLE_IDENTIFIER = kr.ybcha.everytime;
				PRODUCT_NAME = "$(TARGET_NAME)";
				SWIFT_VERSION = 5.0;
				TARGETED_DEVICE_FAMILY = "1,2";
			};
			name = Release;
		};
		065D797426E3A4B60066F8D4 /* Debug */ = {
			isa = XCBuildConfiguration;
			buildSettings = {
				ALWAYS_EMBED_SWIFT_STANDARD_LIBRARIES = YES;
				BUNDLE_LOADER = "$(TEST_HOST)";
				CODE_SIGN_STYLE = Automatic;
				DEVELOPMENT_TEAM = 7GDRWN9V7N;
				INFOPLIST_FILE = everytimeTests/Info.plist;
				IPHONEOS_DEPLOYMENT_TARGET = 14.5;
				LD_RUNPATH_SEARCH_PATHS = (
					"$(inherited)",
					"@executable_path/Frameworks",
					"@loader_path/Frameworks",
				);
				PRODUCT_BUNDLE_IDENTIFIER = kr.ybcha.everytimeTests;
				PRODUCT_NAME = "$(TARGET_NAME)";
				SWIFT_VERSION = 5.0;
				TARGETED_DEVICE_FAMILY = "1,2";
				TEST_HOST = "$(BUILT_PRODUCTS_DIR)/everytime.app/everytime";
			};
			name = Debug;
		};
		065D797526E3A4B60066F8D4 /* Release */ = {
			isa = XCBuildConfiguration;
			buildSettings = {
				ALWAYS_EMBED_SWIFT_STANDARD_LIBRARIES = YES;
				BUNDLE_LOADER = "$(TEST_HOST)";
				CODE_SIGN_STYLE = Automatic;
				DEVELOPMENT_TEAM = 7GDRWN9V7N;
				INFOPLIST_FILE = everytimeTests/Info.plist;
				IPHONEOS_DEPLOYMENT_TARGET = 14.5;
				LD_RUNPATH_SEARCH_PATHS = (
					"$(inherited)",
					"@executable_path/Frameworks",
					"@loader_path/Frameworks",
				);
				PRODUCT_BUNDLE_IDENTIFIER = kr.ybcha.everytimeTests;
				PRODUCT_NAME = "$(TARGET_NAME)";
				SWIFT_VERSION = 5.0;
				TARGETED_DEVICE_FAMILY = "1,2";
				TEST_HOST = "$(BUILT_PRODUCTS_DIR)/everytime.app/everytime";
			};
			name = Release;
		};
		065D797726E3A4B60066F8D4 /* Debug */ = {
			isa = XCBuildConfiguration;
			buildSettings = {
				ALWAYS_EMBED_SWIFT_STANDARD_LIBRARIES = YES;
				CODE_SIGN_STYLE = Automatic;
				DEVELOPMENT_TEAM = BPB224HL3X;
				INFOPLIST_FILE = everytimeUITests/Info.plist;
				LD_RUNPATH_SEARCH_PATHS = (
					"$(inherited)",
					"@executable_path/Frameworks",
					"@loader_path/Frameworks",
				);
				PRODUCT_BUNDLE_IDENTIFIER = kr.ybcha.everytimeUITests;
				PRODUCT_NAME = "$(TARGET_NAME)";
				SWIFT_VERSION = 5.0;
				TARGETED_DEVICE_FAMILY = "1,2";
				TEST_TARGET_NAME = everytime;
			};
			name = Debug;
		};
		065D797826E3A4B60066F8D4 /* Release */ = {
			isa = XCBuildConfiguration;
			buildSettings = {
				ALWAYS_EMBED_SWIFT_STANDARD_LIBRARIES = YES;
				CODE_SIGN_STYLE = Automatic;
				DEVELOPMENT_TEAM = BPB224HL3X;
				INFOPLIST_FILE = everytimeUITests/Info.plist;
				LD_RUNPATH_SEARCH_PATHS = (
					"$(inherited)",
					"@executable_path/Frameworks",
					"@loader_path/Frameworks",
				);
				PRODUCT_BUNDLE_IDENTIFIER = kr.ybcha.everytimeUITests;
				PRODUCT_NAME = "$(TARGET_NAME)";
				SWIFT_VERSION = 5.0;
				TARGETED_DEVICE_FAMILY = "1,2";
				TEST_TARGET_NAME = everytime;
			};
			name = Release;
		};
/* End XCBuildConfiguration section */

/* Begin XCConfigurationList section */
		065D794126E3A4B20066F8D4 /* Build configuration list for PBXProject "everytime" */ = {
			isa = XCConfigurationList;
			buildConfigurations = (
				065D796E26E3A4B60066F8D4 /* Debug */,
				065D796F26E3A4B60066F8D4 /* Release */,
			);
			defaultConfigurationIsVisible = 0;
			defaultConfigurationName = Release;
		};
		065D797026E3A4B60066F8D4 /* Build configuration list for PBXNativeTarget "everytime" */ = {
			isa = XCConfigurationList;
			buildConfigurations = (
				065D797126E3A4B60066F8D4 /* Debug */,
				065D797226E3A4B60066F8D4 /* Release */,
			);
			defaultConfigurationIsVisible = 0;
			defaultConfigurationName = Release;
		};
		065D797326E3A4B60066F8D4 /* Build configuration list for PBXNativeTarget "everytimeTests" */ = {
			isa = XCConfigurationList;
			buildConfigurations = (
				065D797426E3A4B60066F8D4 /* Debug */,
				065D797526E3A4B60066F8D4 /* Release */,
			);
			defaultConfigurationIsVisible = 0;
			defaultConfigurationName = Release;
		};
		065D797626E3A4B60066F8D4 /* Build configuration list for PBXNativeTarget "everytimeUITests" */ = {
			isa = XCConfigurationList;
			buildConfigurations = (
				065D797726E3A4B60066F8D4 /* Debug */,
				065D797826E3A4B60066F8D4 /* Release */,
			);
			defaultConfigurationIsVisible = 0;
			defaultConfigurationName = Release;
		};
/* End XCConfigurationList section */
	};
	rootObject = 065D793E26E3A4B20066F8D4 /* Project object */;
}
